// !$*UTF8*$!
{
	archiveVersion = 1;
	classes = {
	};
	objectVersion = 56;
	objects = {

/* Begin PBXBuildFile section */
		D1E01ADA2BDFD5300085FE63 /* AppDelegate.swift in Sources */ = {isa = PBXBuildFile; fileRef = D1E01AD92BDFD5300085FE63 /* AppDelegate.swift */; };
		D1E01ADC2BDFD5300085FE63 /* SceneDelegate.swift in Sources */ = {isa = PBXBuildFile; fileRef = D1E01ADB2BDFD5300085FE63 /* SceneDelegate.swift */; };
		D1E01ADE2BDFD5300085FE63 /* ViewController.swift in Sources */ = {isa = PBXBuildFile; fileRef = D1E01ADD2BDFD5300085FE63 /* ViewController.swift */; };
		D1E01AE12BDFD5300085FE63 /* Main.storyboard in Resources */ = {isa = PBXBuildFile; fileRef = D1E01ADF2BDFD5300085FE63 /* Main.storyboard */; };
		D1E01AE32BDFD5320085FE63 /* Assets.xcassets in Resources */ = {isa = PBXBuildFile; fileRef = D1E01AE22BDFD5320085FE63 /* Assets.xcassets */; };
		D1E01AE62BDFD5320085FE63 /* LaunchScreen.storyboard in Resources */ = {isa = PBXBuildFile; fileRef = D1E01AE42BDFD5320085FE63 /* LaunchScreen.storyboard */; };
		D1E01AF12BDFD5320085FE63 /* PaginationDemoTests.swift in Sources */ = {isa = PBXBuildFile; fileRef = D1E01AF02BDFD5320085FE63 /* PaginationDemoTests.swift */; };
		D1E01AFB2BDFD5320085FE63 /* PaginationDemoUITests.swift in Sources */ = {isa = PBXBuildFile; fileRef = D1E01AFA2BDFD5320085FE63 /* PaginationDemoUITests.swift */; };
		D1E01AFD2BDFD5320085FE63 /* PaginationDemoUITestsLaunchTests.swift in Sources */ = {isa = PBXBuildFile; fileRef = D1E01AFC2BDFD5320085FE63 /* PaginationDemoUITestsLaunchTests.swift */; };
		D1E01B0B2BDFD5500085FE63 /* Posts.swift in Sources */ = {isa = PBXBuildFile; fileRef = D1E01B0A2BDFD5500085FE63 /* Posts.swift */; };
		D1E01B0E2BDFD61C0085FE63 /* PostsTableViewCell.swift in Sources */ = {isa = PBXBuildFile; fileRef = D1E01B0C2BDFD61C0085FE63 /* PostsTableViewCell.swift */; };
		D1E01B0F2BDFD61C0085FE63 /* PostsTableViewCell.xib in Resources */ = {isa = PBXBuildFile; fileRef = D1E01B0D2BDFD61C0085FE63 /* PostsTableViewCell.xib */; };
		D1E01B112BDFD8390085FE63 /* PostViewModel.swift in Sources */ = {isa = PBXBuildFile; fileRef = D1E01B102BDFD8390085FE63 /* PostViewModel.swift */; };
		D1E01B132BDFD84B0085FE63 /* ApiManager.swift in Sources */ = {isa = PBXBuildFile; fileRef = D1E01B122BDFD84B0085FE63 /* ApiManager.swift */; };
		D1E01B182BDFE65E0085FE63 /* Screen Recording 2024-04-29 at 6.45.49 PM.mov.zip in Resources */ = {isa = PBXBuildFile; fileRef = D1E01B152BDFE65D0085FE63 /* Screen Recording 2024-04-29 at 6.45.49 PM.mov.zip */; };
/* End PBXBuildFile section */

/* Begin PBXContainerItemProxy section */
		D1E01AED2BDFD5320085FE63 /* PBXContainerItemProxy */ = {
			isa = PBXContainerItemProxy;
			containerPortal = D1E01ACE2BDFD5300085FE63 /* Project object */;
			proxyType = 1;
			remoteGlobalIDString = D1E01AD52BDFD5300085FE63;
			remoteInfo = PaginationDemo;
		};
		D1E01AF72BDFD5320085FE63 /* PBXContainerItemProxy */ = {
			isa = PBXContainerItemProxy;
			containerPortal = D1E01ACE2BDFD5300085FE63 /* Project object */;
			proxyType = 1;
			remoteGlobalIDString = D1E01AD52BDFD5300085FE63;
			remoteInfo = PaginationDemo;
		};
/* End PBXContainerItemProxy section */

/* Begin PBXFileReference section */
		D1E01AD62BDFD5300085FE63 /* PaginationDemo.app */ = {isa = PBXFileReference; explicitFileType = wrapper.application; includeInIndex = 0; path = PaginationDemo.app; sourceTree = BUILT_PRODUCTS_DIR; };
		D1E01AD92BDFD5300085FE63 /* AppDelegate.swift */ = {isa = PBXFileReference; lastKnownFileType = sourcecode.swift; path = AppDelegate.swift; sourceTree = "<group>"; };
		D1E01ADB2BDFD5300085FE63 /* SceneDelegate.swift */ = {isa = PBXFileReference; lastKnownFileType = sourcecode.swift; path = SceneDelegate.swift; sourceTree = "<group>"; };
		D1E01ADD2BDFD5300085FE63 /* ViewController.swift */ = {isa = PBXFileReference; lastKnownFileType = sourcecode.swift; path = ViewController.swift; sourceTree = "<group>"; };
		D1E01AE02BDFD5300085FE63 /* Base */ = {isa = PBXFileReference; lastKnownFileType = file.storyboard; name = Base; path = Base.lproj/Main.storyboard; sourceTree = "<group>"; };
		D1E01AE22BDFD5320085FE63 /* Assets.xcassets */ = {isa = PBXFileReference; lastKnownFileType = folder.assetcatalog; path = Assets.xcassets; sourceTree = "<group>"; };
		D1E01AE52BDFD5320085FE63 /* Base */ = {isa = PBXFileReference; lastKnownFileType = file.storyboard; name = Base; path = Base.lproj/LaunchScreen.storyboard; sourceTree = "<group>"; };
		D1E01AE72BDFD5320085FE63 /* Info.plist */ = {isa = PBXFileReference; lastKnownFileType = text.plist.xml; path = Info.plist; sourceTree = "<group>"; };
		D1E01AEC2BDFD5320085FE63 /* PaginationDemoTests.xctest */ = {isa = PBXFileReference; explicitFileType = wrapper.cfbundle; includeInIndex = 0; path = PaginationDemoTests.xctest; sourceTree = BUILT_PRODUCTS_DIR; };
		D1E01AF02BDFD5320085FE63 /* PaginationDemoTests.swift */ = {isa = PBXFileReference; lastKnownFileType = sourcecode.swift; path = PaginationDemoTests.swift; sourceTree = "<group>"; };
		D1E01AF62BDFD5320085FE63 /* PaginationDemoUITests.xctest */ = {isa = PBXFileReference; explicitFileType = wrapper.cfbundle; includeInIndex = 0; path = PaginationDemoUITests.xctest; sourceTree = BUILT_PRODUCTS_DIR; };
		D1E01AFA2BDFD5320085FE63 /* PaginationDemoUITests.swift */ = {isa = PBXFileReference; lastKnownFileType = sourcecode.swift; path = PaginationDemoUITests.swift; sourceTree = "<group>"; };
		D1E01AFC2BDFD5320085FE63 /* PaginationDemoUITestsLaunchTests.swift */ = {isa = PBXFileReference; lastKnownFileType = sourcecode.swift; path = PaginationDemoUITestsLaunchTests.swift; sourceTree = "<group>"; };
		D1E01B0A2BDFD5500085FE63 /* Posts.swift */ = {isa = PBXFileReference; lastKnownFileType = sourcecode.swift; path = Posts.swift; sourceTree = "<group>"; };
		D1E01B0C2BDFD61C0085FE63 /* PostsTableViewCell.swift */ = {isa = PBXFileReference; lastKnownFileType = sourcecode.swift; path = PostsTableViewCell.swift; sourceTree = "<group>"; };
		D1E01B0D2BDFD61C0085FE63 /* PostsTableViewCell.xib */ = {isa = PBXFileReference; lastKnownFileType = file.xib; path = PostsTableViewCell.xib; sourceTree = "<group>"; };
		D1E01B102BDFD8390085FE63 /* PostViewModel.swift */ = {isa = PBXFileReference; lastKnownFileType = sourcecode.swift; path = PostViewModel.swift; sourceTree = "<group>"; };
		D1E01B122BDFD84B0085FE63 /* ApiManager.swift */ = {isa = PBXFileReference; lastKnownFileType = sourcecode.swift; path = ApiManager.swift; sourceTree = "<group>"; };
		D1E01B152BDFE65D0085FE63 /* Screen Recording 2024-04-29 at 6.45.49 PM.mov.zip */ = {isa = PBXFileReference; lastKnownFileType = archive.zip; name = "Screen Recording 2024-04-29 at 6.45.49 PM.mov.zip"; path = "../../../Screen Recording 2024-04-29 at 6.45.49 PM.mov.zip"; sourceTree = "<group>"; };
/* End PBXFileReference section */

/* Begin PBXFrameworksBuildPhase section */
		D1E01AD32BDFD5300085FE63 /* Frameworks */ = {
			isa = PBXFrameworksBuildPhase;
			buildActionMask = 2147483647;
			files = (
			);
			runOnlyForDeploymentPostprocessing = 0;
		};
		D1E01AE92BDFD5320085FE63 /* Frameworks */ = {
			isa = PBXFrameworksBuildPhase;
			buildActionMask = 2147483647;
			files = (
			);
			runOnlyForDeploymentPostprocessing = 0;
		};
		D1E01AF32BDFD5320085FE63 /* Frameworks */ = {
			isa = PBXFrameworksBuildPhase;
			buildActionMask = 2147483647;
			files = (
			);
			runOnlyForDeploymentPostprocessing = 0;
		};
/* End PBXFrameworksBuildPhase section */

/* Begin PBXGroup section */
		D1E01ACD2BDFD5300085FE63 = {
			isa = PBXGroup;
			children = (
				D1E01AD82BDFD5300085FE63 /* PaginationDemo */,
				D1E01AEF2BDFD5320085FE63 /* PaginationDemoTests */,
				D1E01AF92BDFD5320085FE63 /* PaginationDemoUITests */,
				D1E01AD72BDFD5300085FE63 /* Products */,
			);
			sourceTree = "<group>";
		};
		D1E01AD72BDFD5300085FE63 /* Products */ = {
			isa = PBXGroup;
			children = (
				D1E01AD62BDFD5300085FE63 /* PaginationDemo.app */,
				D1E01AEC2BDFD5320085FE63 /* PaginationDemoTests.xctest */,
				D1E01AF62BDFD5320085FE63 /* PaginationDemoUITests.xctest */,
			);
			name = Products;
			sourceTree = "<group>";
		};
		D1E01AD82BDFD5300085FE63 /* PaginationDemo */ = {
			isa = PBXGroup;
			children = (
				D1E01B142BDFE4DC0085FE63 /* VideoRecoding */,
				D1E01B092BDFD53C0085FE63 /* ViewModel */,
				D1E01AD92BDFD5300085FE63 /* AppDelegate.swift */,
				D1E01ADB2BDFD5300085FE63 /* SceneDelegate.swift */,
				D1E01B122BDFD84B0085FE63 /* ApiManager.swift */,
				D1E01ADD2BDFD5300085FE63 /* ViewController.swift */,
				D1E01ADF2BDFD5300085FE63 /* Main.storyboard */,
				D1E01AE22BDFD5320085FE63 /* Assets.xcassets */,
				D1E01AE42BDFD5320085FE63 /* LaunchScreen.storyboard */,
				D1E01AE72BDFD5320085FE63 /* Info.plist */,
				D1E01B0C2BDFD61C0085FE63 /* PostsTableViewCell.swift */,
				D1E01B0D2BDFD61C0085FE63 /* PostsTableViewCell.xib */,
			);
			path = PaginationDemo;
			sourceTree = "<group>";
		};
		D1E01AEF2BDFD5320085FE63 /* PaginationDemoTests */ = {
			isa = PBXGroup;
			children = (
				D1E01AF02BDFD5320085FE63 /* PaginationDemoTests.swift */,
			);
			path = PaginationDemoTests;
			sourceTree = "<group>";
		};
		D1E01AF92BDFD5320085FE63 /* PaginationDemoUITests */ = {
			isa = PBXGroup;
			children = (
				D1E01AFA2BDFD5320085FE63 /* PaginationDemoUITests.swift */,
				D1E01AFC2BDFD5320085FE63 /* PaginationDemoUITestsLaunchTests.swift */,
			);
			path = PaginationDemoUITests;
			sourceTree = "<group>";
		};
		D1E01B092BDFD53C0085FE63 /* ViewModel */ = {
			isa = PBXGroup;
			children = (
				D1E01B0A2BDFD5500085FE63 /* Posts.swift */,
				D1E01B102BDFD8390085FE63 /* PostViewModel.swift */,
			);
			path = ViewModel;
			sourceTree = "<group>";
		};
		D1E01B142BDFE4DC0085FE63 /* VideoRecoding */ = {
			isa = PBXGroup;
			children = (
				D1E01B152BDFE65D0085FE63 /* Screen Recording 2024-04-29 at 6.45.49 PM.mov.zip */,
			);
			path = VideoRecoding;
			sourceTree = "<group>";
		};
/* End PBXGroup section */

/* Begin PBXNativeTarget section */
		D1E01AD52BDFD5300085FE63 /* PaginationDemo */ = {
			isa = PBXNativeTarget;
			buildConfigurationList = D1E01B002BDFD5320085FE63 /* Build configuration list for PBXNativeTarget "PaginationDemo" */;
			buildPhases = (
				D1E01AD22BDFD5300085FE63 /* Sources */,
				D1E01AD32BDFD5300085FE63 /* Frameworks */,
				D1E01AD42BDFD5300085FE63 /* Resources */,
			);
			buildRules = (
			);
			dependencies = (
			);
			name = PaginationDemo;
			productName = PaginationDemo;
			productReference = D1E01AD62BDFD5300085FE63 /* PaginationDemo.app */;
			productType = "com.apple.product-type.application";
		};
		D1E01AEB2BDFD5320085FE63 /* PaginationDemoTests */ = {
			isa = PBXNativeTarget;
			buildConfigurationList = D1E01B032BDFD5320085FE63 /* Build configuration list for PBXNativeTarget "PaginationDemoTests" */;
			buildPhases = (
				D1E01AE82BDFD5320085FE63 /* Sources */,
				D1E01AE92BDFD5320085FE63 /* Frameworks */,
				D1E01AEA2BDFD5320085FE63 /* Resources */,
			);
			buildRules = (
			);
			dependencies = (
				D1E01AEE2BDFD5320085FE63 /* PBXTargetDependency */,
			);
			name = PaginationDemoTests;
			productName = PaginationDemoTests;
			productReference = D1E01AEC2BDFD5320085FE63 /* PaginationDemoTests.xctest */;
			productType = "com.apple.product-type.bundle.unit-test";
		};
		D1E01AF52BDFD5320085FE63 /* PaginationDemoUITests */ = {
			isa = PBXNativeTarget;
			buildConfigurationList = D1E01B062BDFD5320085FE63 /* Build configuration list for PBXNativeTarget "PaginationDemoUITests" */;
			buildPhases = (
				D1E01AF22BDFD5320085FE63 /* Sources */,
				D1E01AF32BDFD5320085FE63 /* Frameworks */,
				D1E01AF42BDFD5320085FE63 /* Resources */,
			);
			buildRules = (
			);
			dependencies = (
				D1E01AF82BDFD5320085FE63 /* PBXTargetDependency */,
			);
			name = PaginationDemoUITests;
			productName = PaginationDemoUITests;
			productReference = D1E01AF62BDFD5320085FE63 /* PaginationDemoUITests.xctest */;
			productType = "com.apple.product-type.bundle.ui-testing";
		};
/* End PBXNativeTarget section */

/* Begin PBXProject section */
		D1E01ACE2BDFD5300085FE63 /* Project object */ = {
			isa = PBXProject;
			attributes = {
				BuildIndependentTargetsInParallel = 1;
				LastSwiftUpdateCheck = 1430;
				LastUpgradeCheck = 1430;
				TargetAttributes = {
					D1E01AD52BDFD5300085FE63 = {
						CreatedOnToolsVersion = 14.3;
					};
					D1E01AEB2BDFD5320085FE63 = {
						CreatedOnToolsVersion = 14.3;
						TestTargetID = D1E01AD52BDFD5300085FE63;
					};
					D1E01AF52BDFD5320085FE63 = {
						CreatedOnToolsVersion = 14.3;
						TestTargetID = D1E01AD52BDFD5300085FE63;
					};
				};
			};
			buildConfigurationList = D1E01AD12BDFD5300085FE63 /* Build configuration list for PBXProject "PaginationDemo" */;
			compatibilityVersion = "Xcode 14.0";
			developmentRegion = en;
			hasScannedForEncodings = 0;
			knownRegions = (
				en,
				Base,
			);
			mainGroup = D1E01ACD2BDFD5300085FE63;
			productRefGroup = D1E01AD72BDFD5300085FE63 /* Products */;
			projectDirPath = "";
			projectRoot = "";
			targets = (
				D1E01AD52BDFD5300085FE63 /* PaginationDemo */,
				D1E01AEB2BDFD5320085FE63 /* PaginationDemoTests */,
				D1E01AF52BDFD5320085FE63 /* PaginationDemoUITests */,
			);
		};
/* End PBXProject section */

/* Begin PBXResourcesBuildPhase section */
		D1E01AD42BDFD5300085FE63 /* Resources */ = {
			isa = PBXResourcesBuildPhase;
			buildActionMask = 2147483647;
			files = (
				D1E01B182BDFE65E0085FE63 /* Screen Recording 2024-04-29 at 6.45.49 PM.mov.zip in Resources */,
				D1E01AE62BDFD5320085FE63 /* LaunchScreen.storyboard in Resources */,
				D1E01AE32BDFD5320085FE63 /* Assets.xcassets in Resources */,
				D1E01AE12BDFD5300085FE63 /* Main.storyboard in Resources */,
				D1E01B0F2BDFD61C0085FE63 /* PostsTableViewCell.xib in Resources */,
			);
			runOnlyForDeploymentPostprocessing = 0;
		};
		D1E01AEA2BDFD5320085FE63 /* Resources */ = {
			isa = PBXResourcesBuildPhase;
			buildActionMask = 2147483647;
			files = (
			);
			runOnlyForDeploymentPostprocessing = 0;
		};
		D1E01AF42BDFD5320085FE63 /* Resources */ = {
			isa = PBXResourcesBuildPhase;
			buildActionMask = 2147483647;
			files = (
			);
			runOnlyForDeploymentPostprocessing = 0;
		};
/* End PBXResourcesBuildPhase section */

/* Begin PBXSourcesBuildPhase section */
		D1E01AD22BDFD5300085FE63 /* Sources */ = {
			isa = PBXSourcesBuildPhase;
			buildActionMask = 2147483647;
			files = (
				D1E01B112BDFD8390085FE63 /* PostViewModel.swift in Sources */,
				D1E01ADE2BDFD5300085FE63 /* ViewController.swift in Sources */,
				D1E01ADA2BDFD5300085FE63 /* AppDelegate.swift in Sources */,
				D1E01B132BDFD84B0085FE63 /* ApiManager.swift in Sources */,
				D1E01B0E2BDFD61C0085FE63 /* PostsTableViewCell.swift in Sources */,
				D1E01ADC2BDFD5300085FE63 /* SceneDelegate.swift in Sources */,
				D1E01B0B2BDFD5500085FE63 /* Posts.swift in Sources */,
			);
			runOnlyForDeploymentPostprocessing = 0;
		};
		D1E01AE82BDFD5320085FE63 /* Sources */ = {
			isa = PBXSourcesBuildPhase;
			buildActionMask = 2147483647;
			files = (
				D1E01AF12BDFD5320085FE63 /* PaginationDemoTests.swift in Sources */,
			);
			runOnlyForDeploymentPostprocessing = 0;
		};
		D1E01AF22BDFD5320085FE63 /* Sources */ = {
			isa = PBXSourcesBuildPhase;
			buildActionMask = 2147483647;
			files = (
				D1E01AFB2BDFD5320085FE63 /* PaginationDemoUITests.swift in Sources */,
				D1E01AFD2BDFD5320085FE63 /* PaginationDemoUITestsLaunchTests.swift in Sources */,
			);
			runOnlyForDeploymentPostprocessing = 0;
		};
/* End PBXSourcesBuildPhase section */

/* Begin PBXTargetDependency section */
		D1E01AEE2BDFD5320085FE63 /* PBXTargetDependency */ = {
			isa = PBXTargetDependency;
			target = D1E01AD52BDFD5300085FE63 /* PaginationDemo */;
			targetProxy = D1E01AED2BDFD5320085FE63 /* PBXContainerItemProxy */;
		};
		D1E01AF82BDFD5320085FE63 /* PBXTargetDependency */ = {
			isa = PBXTargetDependency;
			target = D1E01AD52BDFD5300085FE63 /* PaginationDemo */;
			targetProxy = D1E01AF72BDFD5320085FE63 /* PBXContainerItemProxy */;
		};
/* End PBXTargetDependency section */

/* Begin PBXVariantGroup section */
		D1E01ADF2BDFD5300085FE63 /* Main.storyboard */ = {
			isa = PBXVariantGroup;
			children = (
				D1E01AE02BDFD5300085FE63 /* Base */,
			);
			name = Main.storyboard;
			sourceTree = "<group>";
		};
		D1E01AE42BDFD5320085FE63 /* LaunchScreen.storyboard */ = {
			isa = PBXVariantGroup;
			children = (
				D1E01AE52BDFD5320085FE63 /* Base */,
			);
			name = LaunchScreen.storyboard;
			sourceTree = "<group>";
		};
/* End PBXVariantGroup section */

/* Begin XCBuildConfiguration section */
		D1E01AFE2BDFD5320085FE63 /* Debug */ = {
			isa = XCBuildConfiguration;
			buildSettings = {
				ALWAYS_SEARCH_USER_PATHS = NO;
				CLANG_ANALYZER_NONNULL = YES;
				CLANG_ANALYZER_NUMBER_OBJECT_CONVERSION = YES_AGGRESSIVE;
				CLANG_CXX_LANGUAGE_STANDARD = "gnu++20";
				CLANG_ENABLE_MODULES = YES;
				CLANG_ENABLE_OBJC_ARC = YES;
				CLANG_ENABLE_OBJC_WEAK = YES;
				CLANG_WARN_BLOCK_CAPTURE_AUTORELEASING = YES;
				CLANG_WARN_BOOL_CONVERSION = YES;
				CLANG_WARN_COMMA = YES;
				CLANG_WARN_CONSTANT_CONVERSION = YES;
				CLANG_WARN_DEPRECATED_OBJC_IMPLEMENTATIONS = YES;
				CLANG_WARN_DIRECT_OBJC_ISA_USAGE = YES_ERROR;
				CLANG_WARN_DOCUMENTATION_COMMENTS = YES;
				CLANG_WARN_EMPTY_BODY = YES;
				CLANG_WARN_ENUM_CONVERSION = YES;
				CLANG_WARN_INFINITE_RECURSION = YES;
				CLANG_WARN_INT_CONVERSION = YES;
				CLANG_WARN_NON_LITERAL_NULL_CONVERSION = YES;
				CLANG_WARN_OBJC_IMPLICIT_RETAIN_SELF = YES;
				CLANG_WARN_OBJC_LITERAL_CONVERSION = YES;
				CLANG_WARN_OBJC_ROOT_CLASS = YES_ERROR;
				CLANG_WARN_QUOTED_INCLUDE_IN_FRAMEWORK_HEADER = YES;
				CLANG_WARN_RANGE_LOOP_ANALYSIS = YES;
				CLANG_WARN_STRICT_PROTOTYPES = YES;
				CLANG_WARN_SUSPICIOUS_MOVE = YES;
				CLANG_WARN_UNGUARDED_AVAILABILITY = YES_AGGRESSIVE;
				CLANG_WARN_UNREACHABLE_CODE = YES;
				CLANG_WARN__DUPLICATE_METHOD_MATCH = YES;
				COPY_PHASE_STRIP = NO;
				DEBUG_INFORMATION_FORMAT = dwarf;
				ENABLE_STRICT_OBJC_MSGSEND = YES;
				ENABLE_TESTABILITY = YES;
				GCC_C_LANGUAGE_STANDARD = gnu11;
				GCC_DYNAMIC_NO_PIC = NO;
				GCC_NO_COMMON_BLOCKS = YES;
				GCC_OPTIMIZATION_LEVEL = 0;
				GCC_PREPROCESSOR_DEFINITIONS = (
					"DEBUG=1",
					"$(inherited)",
				);
				GCC_WARN_64_TO_32_BIT_CONVERSION = YES;
				GCC_WARN_ABOUT_RETURN_TYPE = YES_ERROR;
				GCC_WARN_UNDECLARED_SELECTOR = YES;
				GCC_WARN_UNINITIALIZED_AUTOS = YES_AGGRESSIVE;
				GCC_WARN_UNUSED_FUNCTION = YES;
				GCC_WARN_UNUSED_VARIABLE = YES;
				IPHONEOS_DEPLOYMENT_TARGET = 16.4;
				MTL_ENABLE_DEBUG_INFO = INCLUDE_SOURCE;
				MTL_FAST_MATH = YES;
				ONLY_ACTIVE_ARCH = YES;
				SDKROOT = iphoneos;
				SWIFT_ACTIVE_COMPILATION_CONDITIONS = DEBUG;
				SWIFT_OPTIMIZATION_LEVEL = "-Onone";
			};
			name = Debug;
		};
		D1E01AFF2BDFD5320085FE63 /* Release */ = {
			isa = XCBuildConfiguration;
			buildSettings = {
				ALWAYS_SEARCH_USER_PATHS = NO;
				CLANG_ANALYZER_NONNULL = YES;
				CLANG_ANALYZER_NUMBER_OBJECT_CONVERSION = YES_AGGRESSIVE;
				CLANG_CXX_LANGUAGE_STANDARD = "gnu++20";
				CLANG_ENABLE_MODULES = YES;
				CLANG_ENABLE_OBJC_ARC = YES;
				CLANG_ENABLE_OBJC_WEAK = YES;
				CLANG_WARN_BLOCK_CAPTURE_AUTORELEASING = YES;
				CLANG_WARN_BOOL_CONVERSION = YES;
				CLANG_WARN_COMMA = YES;
				CLANG_WARN_CONSTANT_CONVERSION = YES;
				CLANG_WARN_DEPRECATED_OBJC_IMPLEMENTATIONS = YES;
				CLANG_WARN_DIRECT_OBJC_ISA_USAGE = YES_ERROR;
				CLANG_WARN_DOCUMENTATION_COMMENTS = YES;
				CLANG_WARN_EMPTY_BODY = YES;
				CLANG_WARN_ENUM_CONVERSION = YES;
				CLANG_WARN_INFINITE_RECURSION = YES;
				CLANG_WARN_INT_CONVERSION = YES;
				CLANG_WARN_NON_LITERAL_NULL_CONVERSION = YES;
				CLANG_WARN_OBJC_IMPLICIT_RETAIN_SELF = YES;
				CLANG_WARN_OBJC_LITERAL_CONVERSION = YES;
				CLANG_WARN_OBJC_ROOT_CLASS = YES_ERROR;
				CLANG_WARN_QUOTED_INCLUDE_IN_FRAMEWORK_HEADER = YES;
				CLANG_WARN_RANGE_LOOP_ANALYSIS = YES;
				CLANG_WARN_STRICT_PROTOTYPES = YES;
				CLANG_WARN_SUSPICIOUS_MOVE = YES;
				CLANG_WARN_UNGUARDED_AVAILABILITY = YES_AGGRESSIVE;
				CLANG_WARN_UNREACHABLE_CODE = YES;
				CLANG_WARN__DUPLICATE_METHOD_MATCH = YES;
				COPY_PHASE_STRIP = NO;
				DEBUG_INFORMATION_FORMAT = "dwarf-with-dsym";
				ENABLE_NS_ASSERTIONS = NO;
				ENABLE_STRICT_OBJC_MSGSEND = YES;
				GCC_C_LANGUAGE_STANDARD = gnu11;
				GCC_NO_COMMON_BLOCKS = YES;
				GCC_WARN_64_TO_32_BIT_CONVERSION = YES;
				GCC_WARN_ABOUT_RETURN_TYPE = YES_ERROR;
				GCC_WARN_UNDECLARED_SELECTOR = YES;
				GCC_WARN_UNINITIALIZED_AUTOS = YES_AGGRESSIVE;
				GCC_WARN_UNUSED_FUNCTION = YES;
				GCC_WARN_UNUSED_VARIABLE = YES;
				IPHONEOS_DEPLOYMENT_TARGET = 16.4;
				MTL_ENABLE_DEBUG_INFO = NO;
				MTL_FAST_MATH = YES;
				SDKROOT = iphoneos;
				SWIFT_COMPILATION_MODE = wholemodule;
				SWIFT_OPTIMIZATION_LEVEL = "-O";
				VALIDATE_PRODUCT = YES;
			};
			name = Release;
		};
		D1E01B012BDFD5320085FE63 /* Debug */ = {
			isa = XCBuildConfiguration;
			buildSettings = {
				ASSETCATALOG_COMPILER_APPICON_NAME = AppIcon;
				ASSETCATALOG_COMPILER_GLOBAL_ACCENT_COLOR_NAME = AccentColor;
				CODE_SIGN_STYLE = Automatic;
				CURRENT_PROJECT_VERSION = 1;
				DEVELOPMENT_TEAM = NW5PH9M5A6;
				GENERATE_INFOPLIST_FILE = YES;
				INFOPLIST_FILE = PaginationDemo/Info.plist;
				INFOPLIST_KEY_UIApplicationSupportsIndirectInputEvents = YES;
				INFOPLIST_KEY_UILaunchStoryboardName = LaunchScreen;
				INFOPLIST_KEY_UIMainStoryboardFile = Main;
				INFOPLIST_KEY_UISupportedInterfaceOrientations_iPad = "UIInterfaceOrientationPortrait UIInterfaceOrientationPortraitUpsideDown UIInterfaceOrientationLandscapeLeft UIInterfaceOrientationLandscapeRight";
				INFOPLIST_KEY_UISupportedInterfaceOrientations_iPhone = "UIInterfaceOrientationPortrait UIInterfaceOrientationLandscapeLeft UIInterfaceOrientationLandscapeRight";
				LD_RUNPATH_SEARCH_PATHS = (
					"$(inherited)",
					"@executable_path/Frameworks",
				);
				MARKETING_VERSION = 1.0;
				PRODUCT_BUNDLE_IDENTIFIER = com.demo.PaginationDemo;
				PRODUCT_NAME = "$(TARGET_NAME)";
				SWIFT_EMIT_LOC_STRINGS = YES;
				SWIFT_VERSION = 5.0;
				TARGETED_DEVICE_FAMILY = "1,2";
			};
			name = Debug;
		};
		D1E01B022BDFD5320085FE63 /* Release */ = {
			isa = XCBuildConfiguration;
			buildSettings = {
				ASSETCATALOG_COMPILER_APPICON_NAME = AppIcon;
				ASSETCATALOG_COMPILER_GLOBAL_ACCENT_COLOR_NAME = AccentColor;
				CODE_SIGN_STYLE = Automatic;
				CURRENT_PROJECT_VERSION = 1;
				DEVELOPMENT_TEAM = NW5PH9M5A6;
				GENERATE_INFOPLIST_FILE = YES;
				INFOPLIST_FILE = PaginationDemo/Info.plist;
				INFOPLIST_KEY_UIApplicationSupportsIndirectInputEvents = YES;
				INFOPLIST_KEY_UILaunchStoryboardName = LaunchScreen;
				INFOPLIST_KEY_UIMainStoryboardFile = Main;
				INFOPLIST_KEY_UISupportedInterfaceOrientations_iPad = "UIInterfaceOrientationPortrait UIInterfaceOrientationPortraitUpsideDown UIInterfaceOrientationLandscapeLeft UIInterfaceOrientationLandscapeRight";
				INFOPLIST_KEY_UISupportedInterfaceOrientations_iPhone = "UIInterfaceOrientationPortrait UIInterfaceOrientationLandscapeLeft UIInterfaceOrientationLandscapeRight";
				LD_RUNPATH_SEARCH_PATHS = (
					"$(inherited)",
					"@executable_path/Frameworks",
				);
				MARKETING_VERSION = 1.0;
				PRODUCT_BUNDLE_IDENTIFIER = com.demo.PaginationDemo;
				PRODUCT_NAME = "$(TARGET_NAME)";
				SWIFT_EMIT_LOC_STRINGS = YES;
				SWIFT_VERSION = 5.0;
				TARGETED_DEVICE_FAMILY = "1,2";
			};
			name = Release;
		};
		D1E01B042BDFD5320085FE63 /* Debug */ = {
			isa = XCBuildConfiguration;
			buildSettings = {
				ALWAYS_EMBED_SWIFT_STANDARD_LIBRARIES = YES;
				BUNDLE_LOADER = "$(TEST_HOST)";
				CODE_SIGN_STYLE = Automatic;
				CURRENT_PROJECT_VERSION = 1;
				DEVELOPMENT_TEAM = NW5PH9M5A6;
				GENERATE_INFOPLIST_FILE = YES;
				IPHONEOS_DEPLOYMENT_TARGET = 16.4;
				MARKETING_VERSION = 1.0;
				PRODUCT_BUNDLE_IDENTIFIER = com.demo.PaginationDemoTests;
				PRODUCT_NAME = "$(TARGET_NAME)";
				SWIFT_EMIT_LOC_STRINGS = NO;
				SWIFT_VERSION = 5.0;
				TARGETED_DEVICE_FAMILY = "1,2";
				TEST_HOST = "$(BUILT_PRODUCTS_DIR)/PaginationDemo.app/$(BUNDLE_EXECUTABLE_FOLDER_PATH)/PaginationDemo";
			};
			name = Debug;
		};
		D1E01B052BDFD5320085FE63 /* Release */ = {
			isa = XCBuildConfiguration;
			buildSettings = {
				ALWAYS_EMBED_SWIFT_STANDARD_LIBRARIES = YES;
				BUNDLE_LOADER = "$(TEST_HOST)";
				CODE_SIGN_STYLE = Automatic;
				CURRENT_PROJECT_VERSION = 1;
				DEVELOPMENT_TEAM = NW5PH9M5A6;
				GENERATE_INFOPLIST_FILE = YES;
				IPHONEOS_DEPLOYMENT_TARGET = 16.4;
				MARKETING_VERSION = 1.0;
				PRODUCT_BUNDLE_IDENTIFIER = com.demo.PaginationDemoTests;
				PRODUCT_NAME = "$(TARGET_NAME)";
				SWIFT_EMIT_LOC_STRINGS = NO;
				SWIFT_VERSION = 5.0;
				TARGETED_DEVICE_FAMILY = "1,2";
				TEST_HOST = "$(BUILT_PRODUCTS_DIR)/PaginationDemo.app/$(BUNDLE_EXECUTABLE_FOLDER_PATH)/PaginationDemo";
			};
			name = Release;
		};
		D1E01B072BDFD5320085FE63 /* Debug */ = {
			isa = XCBuildConfiguration;
			buildSettings = {
				ALWAYS_EMBED_SWIFT_STANDARD_LIBRARIES = YES;
				CODE_SIGN_STYLE = Automatic;
				CURRENT_PROJECT_VERSION = 1;
				DEVELOPMENT_TEAM = NW5PH9M5A6;
				GENERATE_INFOPLIST_FILE = YES;
				MARKETING_VERSION = 1.0;
				PRODUCT_BUNDLE_IDENTIFIER = com.demo.PaginationDemoUITests;
				PRODUCT_NAME = "$(TARGET_NAME)";
				SWIFT_EMIT_LOC_STRINGS = NO;
				SWIFT_VERSION = 5.0;
				TARGETED_DEVICE_FAMILY = "1,2";
				TEST_TARGET_NAME = PaginationDemo;
			};
			name = Debug;
		};
		D1E01B082BDFD5320085FE63 /* Release */ = {
			isa = XCBuildConfiguration;
			buildSettings = {
				ALWAYS_EMBED_SWIFT_STANDARD_LIBRARIES = YES;
				CODE_SIGN_STYLE = Automatic;
				CURRENT_PROJECT_VERSION = 1;
				DEVELOPMENT_TEAM = NW5PH9M5A6;
				GENERATE_INFOPLIST_FILE = YES;
				MARKETING_VERSION = 1.0;
				PRODUCT_BUNDLE_IDENTIFIER = com.demo.PaginationDemoUITests;
				PRODUCT_NAME = "$(TARGET_NAME)";
				SWIFT_EMIT_LOC_STRINGS = NO;
				SWIFT_VERSION = 5.0;
				TARGETED_DEVICE_FAMILY = "1,2";
				TEST_TARGET_NAME = PaginationDemo;
			};
			name = Release;
		};
/* End XCBuildConfiguration section */

/* Begin XCConfigurationList section */
		D1E01AD12BDFD5300085FE63 /* Build configuration list for PBXProject "PaginationDemo" */ = {
			isa = XCConfigurationList;
			buildConfigurations = (
				D1E01AFE2BDFD5320085FE63 /* Debug */,
				D1E01AFF2BDFD5320085FE63 /* Release */,
			);
			defaultConfigurationIsVisible = 0;
			defaultConfigurationName = Release;
		};
		D1E01B002BDFD5320085FE63 /* Build configuration list for PBXNativeTarget "PaginationDemo" */ = {
			isa = XCConfigurationList;
			buildConfigurations = (
				D1E01B012BDFD5320085FE63 /* Debug */,
				D1E01B022BDFD5320085FE63 /* Release */,
			);
			defaultConfigurationIsVisible = 0;
			defaultConfigurationName = Release;
		};
		D1E01B032BDFD5320085FE63 /* Build configuration list for PBXNativeTarget "PaginationDemoTests" */ = {
			isa = XCConfigurationList;
			buildConfigurations = (
				D1E01B042BDFD5320085FE63 /* Debug */,
				D1E01B052BDFD5320085FE63 /* Release */,
			);
			defaultConfigurationIsVisible = 0;
			defaultConfigurationName = Release;
		};
		D1E01B062BDFD5320085FE63 /* Build configuration list for PBXNativeTarget "PaginationDemoUITests" */ = {
			isa = XCConfigurationList;
			buildConfigurations = (
				D1E01B072BDFD5320085FE63 /* Debug */,
				D1E01B082BDFD5320085FE63 /* Release */,
			);
			defaultConfigurationIsVisible = 0;
			defaultConfigurationName = Release;
		};
/* End XCConfigurationList section */
	};
	rootObject = D1E01ACE2BDFD5300085FE63 /* Project object */;
}
